
Microsoft Visual Studio Solution File, Format Version 12.00
# Visual Studio Version 16
VisualStudioVersion = 16.0.30413.136
MinimumVisualStudioVersion = 10.0.40219.1
Project("{8BC9CEB8-8B4A-11D0-8D11-00A0C91BC942}") = "database.4", "database.4\database.4.vcxproj", "{D1C866F3-21AE-49D5-AA2C-6B8DC4E286AC}"
EndProject
Global
	GlobalSection(SolutionConfigurationPlatforms) = preSolution
		Debug|x64 = Debug|x64
		Debug|x86 = Debug|x86
		Release|x64 = Release|x64
		Release|x86 = Release|x86
	EndGlobalSection
	GlobalSection(ProjectConfigurationPlatforms) = postSolution
		{D1C866F3-21AE-49D5-AA2C-6B8DC4E286AC}.Debug|x64.ActiveCfg = Debug|x64
		{D1C866F3-21AE-49D5-AA2C-6B8DC4E286AC}.Debug|x64.Build.0 = Debug|x64
		{D1C866F3-21AE-49D5-AA2C-6B8DC4E286AC}.Debug|x86.ActiveCfg = Debug|Win32
		{D1C866F3-21AE-49D5-AA2C-6B8DC4E286AC}.Debug|x86.Build.0 = Debug|Win32
		{D1C866F3-21AE-49D5-AA2C-6B8DC4E286AC}.Release|x64.ActiveCfg = Release|x64
		{D1C866F3-21AE-49D5-AA2C-6B8DC4E286AC}.Release|x64.Build.0 = Release|x64
		{D1C866F3-21AE-49D5-AA2C-6B8DC4E286AC}.Release|x86.ActiveCfg = Release|Win32
		{D1C866F3-21AE-49D5-AA2C-6B8DC4E286AC}.Release|x86.Build.0 = Release|Win32
	EndGlobalSection
	GlobalSection(SolutionProperties) = preSolution
		HideSolutionNode = FALSE
	EndGlobalSection
	GlobalSection(ExtensibilityGlobals) = postSolution
		SolutionGuid = {1CE5DDD4-B276-4E7B-B48A-276081DBE744}
	EndGlobalSection
EndGlobal
